github.com/issue9/assert v1.3.4 h1:m9O+Nmi0ejRsLaTfQa349WTQtryQYHynBn6DFv6+sNY=
github.com/issue9/assert v1.3.4/go.mod h1:9Ger+iz8X7r1zMYYwEhh++2wMGWcNN2oVI+zIQXxcio=
github.com/issue9/errwrap v0.1.1 h1:akAQ1z726dnwhNzI7eAmCvYXYPbvF6OTGwct/vRVev0=
github.com/issue9/errwrap v0.1.1/go.mod h1:H9mdt7KifDebeRecMn5yt7F25f+4N0V2sqIqyZnNjzQ=
github.com/issue9/localeutil v0.1.0 h1:mEiN2K7jIz2+e9fxu3dNZjhUjrkGAZ/wEmk42L2Rpvw=
github.com/issue9/localeutil v0.1.0/go.mod h1:ltJeDr4L7JMOIG3XaQewL9s0vq5ewQ+NRweFquIRtkY=
golang.org/x/text v0.3.3 h1:cokOdA+Jmi5PJGXLlLllQSgYigAEfHXJAERHVMaCc2k=
golang.org/x/text v0.3.3/go.mod h1:5Zoc/QRtKVWzQhOtBMvqHzDpF6irO9z98xDceosuGiQ=
golang.org/x/tools v0.0.0-20180917221912-90fa682c2a6e/go.mod h1:n7NCudcB/nEzxVGmLbDWY5pfWTLqBcC2KZ6jyYvM4mQ=
